
Microsoft Visual Studio Solution File, Format Version 12.00
# Visual Studio Version 17
VisualStudioVersion = 17.14.36310.24 d17.14
MinimumVisualStudioVersion = 10.0.40219.1
Project("{FAE04EC0-301F-11D3-BF4B-00C04F79EFBC}") = "ProjectThree", "ProjectThree\ProjectThree.csproj", "{060E132E-2D44-42B4-A66D-7E02163F8C04}"
EndProject
Global
	GlobalSection(SolutionConfigurationPlatforms) = preSolution
		Debug|Any CPU = Debug|Any CPU
		Release|Any CPU = Release|Any CPU
	EndGlobalSection
	GlobalSection(ProjectConfigurationPlatforms) = postSolution
		{060E132E-2D44-42B4-A66D-7E02163F8C04}.Debug|Any CPU.ActiveCfg = Debug|Any CPU
		{060E132E-2D44-42B4-A66D-7E02163F8C04}.Debug|Any CPU.Build.0 = Debug|Any CPU
		{060E132E-2D44-42B4-A66D-7E02163F8C04}.Release|Any CPU.ActiveCfg = Release|Any CPU
		{060E132E-2D44-42B4-A66D-7E02163F8C04}.Release|Any CPU.Build.0 = Release|Any CPU
	EndGlobalSection
	GlobalSection(SolutionProperties) = preSolution
		HideSolutionNode = FALSE
	EndGlobalSection
	GlobalSection(ExtensibilityGlobals) = postSolution
		SolutionGuid = {9EB48CAB-A6BD-4D01-9592-9E7619F000AD}
	EndGlobalSection
EndGlobal
